
Microsoft Visual Studio Solution File, Format Version 12.00
# Visual Studio 15
VisualStudioVersion = 15.0.27428.2043
MinimumVisualStudioVersion = 10.0.40219.1
Project("{FAE04EC0-301F-11D3-BF4B-00C04F79EFBC}") = "MyTotto.Web", "MyTotto\MyTotto.Web.csproj", "{4FFC4783-24E9-45D9-A52C-60D27A7469B4}"
EndProject
Project("{FAE04EC0-301F-11D3-BF4B-00C04F79EFBC}") = "MyTotto.Data", "MyTotto.Data\MyTotto.Data.csproj", "{978FC59C-74B5-463D-B1E9-3413DAAB95A3}"
EndProject
Global
	GlobalSection(SolutionConfigurationPlatforms) = preSolution
		Debug|Any CPU = Debug|Any CPU
		Release|Any CPU = Release|Any CPU
	EndGlobalSection
	GlobalSection(ProjectConfigurationPlatforms) = postSolution
		{4FFC4783-24E9-45D9-A52C-60D27A7469B4}.Debug|Any CPU.ActiveCfg = Debug|Any CPU
		{4FFC4783-24E9-45D9-A52C-60D27A7469B4}.Debug|Any CPU.Build.0 = Debug|Any CPU
		{4FFC4783-24E9-45D9-A52C-60D27A7469B4}.Release|Any CPU.ActiveCfg = Release|Any CPU
		{4FFC4783-24E9-45D9-A52C-60D27A7469B4}.Release|Any CPU.Build.0 = Release|Any CPU
		{978FC59C-74B5-463D-B1E9-3413DAAB95A3}.Debug|Any CPU.ActiveCfg = Debug|Any CPU
		{978FC59C-74B5-463D-B1E9-3413DAAB95A3}.Debug|Any CPU.Build.0 = Debug|Any CPU
		{978FC59C-74B5-463D-B1E9-3413DAAB95A3}.Release|Any CPU.ActiveCfg = Release|Any CPU
		{978FC59C-74B5-463D-B1E9-3413DAAB95A3}.Release|Any CPU.Build.0 = Release|Any CPU
	EndGlobalSection
	GlobalSection(SolutionProperties) = preSolution
		HideSolutionNode = FALSE
	EndGlobalSection
	GlobalSection(ExtensibilityGlobals) = postSolution
		SolutionGuid = {61CC1749-0AAD-4DC3-962D-DDD8797C1A87}
	EndGlobalSection
EndGlobal
